// !$*UTF8*$!
{
	archiveVersion = 1;
	classes = {
	};
	objectVersion = 56;
	objects = {

/* Begin PBXBuildFile section */
		3755689B2AA19F5900AEFAC4 /* TrialGAApp.swift in Sources */ = {isa = PBXBuildFile; fileRef = 3755689A2AA19F5900AEFAC4 /* TrialGAApp.swift */; };
		3755689D2AA19F5900AEFAC4 /* ContentView.swift in Sources */ = {isa = PBXBuildFile; fileRef = 3755689C2AA19F5900AEFAC4 /* ContentView.swift */; };
		3755689F2AA19F5A00AEFAC4 /* Assets.xcassets in Resources */ = {isa = PBXBuildFile; fileRef = 3755689E2AA19F5A00AEFAC4 /* Assets.xcassets */; };
		375568A22AA19F5A00AEFAC4 /* Preview Assets.xcassets in Resources */ = {isa = PBXBuildFile; fileRef = 375568A12AA19F5A00AEFAC4 /* Preview Assets.xcassets */; };
		375568AC2AA19F5A00AEFAC4 /* TrialGATests.swift in Sources */ = {isa = PBXBuildFile; fileRef = 375568AB2AA19F5A00AEFAC4 /* TrialGATests.swift */; };
		375568B62AA19F5A00AEFAC4 /* TrialGAUITests.swift in Sources */ = {isa = PBXBuildFile; fileRef = 375568B52AA19F5A00AEFAC4 /* TrialGAUITests.swift */; };
		375568B82AA19F5A00AEFAC4 /* TrialGAUITestsLaunchTests.swift in Sources */ = {isa = PBXBuildFile; fileRef = 375568B72AA19F5A00AEFAC4 /* TrialGAUITestsLaunchTests.swift */; };
/* End PBXBuildFile section */

/* Begin PBXContainerItemProxy section */
		375568A82AA19F5A00AEFAC4 /* PBXContainerItemProxy */ = {
			isa = PBXContainerItemProxy;
			containerPortal = 3755688F2AA19F5900AEFAC4 /* Project object */;
			proxyType = 1;
			remoteGlobalIDString = 375568962AA19F5900AEFAC4;
			remoteInfo = TrialGA;
		};
		375568B22AA19F5A00AEFAC4 /* PBXContainerItemProxy */ = {
			isa = PBXContainerItemProxy;
			containerPortal = 3755688F2AA19F5900AEFAC4 /* Project object */;
			proxyType = 1;
			remoteGlobalIDString = 375568962AA19F5900AEFAC4;
			remoteInfo = TrialGA;
		};
/* End PBXContainerItemProxy section */

/* Begin PBXFileReference section */
		375568972AA19F5900AEFAC4 /* TrialGA.app */ = {isa = PBXFileReference; explicitFileType = wrapper.application; includeInIndex = 0; path = TrialGA.app; sourceTree = BUILT_PRODUCTS_DIR; };
		3755689A2AA19F5900AEFAC4 /* TrialGAApp.swift */ = {isa = PBXFileReference; lastKnownFileType = sourcecode.swift; path = TrialGAApp.swift; sourceTree = "<group>"; };
		3755689C2AA19F5900AEFAC4 /* ContentView.swift */ = {isa = PBXFileReference; lastKnownFileType = sourcecode.swift; path = ContentView.swift; sourceTree = "<group>"; };
		3755689E2AA19F5A00AEFAC4 /* Assets.xcassets */ = {isa = PBXFileReference; lastKnownFileType = folder.assetcatalog; path = Assets.xcassets; sourceTree = "<group>"; };
		375568A12AA19F5A00AEFAC4 /* Preview Assets.xcassets */ = {isa = PBXFileReference; lastKnownFileType = folder.assetcatalog; path = "Preview Assets.xcassets"; sourceTree = "<group>"; };
		375568A72AA19F5A00AEFAC4 /* TrialGATests.xctest */ = {isa = PBXFileReference; explicitFileType = wrapper.cfbundle; includeInIndex = 0; path = TrialGATests.xctest; sourceTree = BUILT_PRODUCTS_DIR; };
		375568AB2AA19F5A00AEFAC4 /* TrialGATests.swift */ = {isa = PBXFileReference; lastKnownFileType = sourcecode.swift; path = TrialGATests.swift; sourceTree = "<group>"; };
		375568B12AA19F5A00AEFAC4 /* TrialGAUITests.xctest */ = {isa = PBXFileReference; explicitFileType = wrapper.cfbundle; includeInIndex = 0; path = TrialGAUITests.xctest; sourceTree = BUILT_PRODUCTS_DIR; };
		375568B52AA19F5A00AEFAC4 /* TrialGAUITests.swift */ = {isa = PBXFileReference; lastKnownFileType = sourcecode.swift; path = TrialGAUITests.swift; sourceTree = "<group>"; };
		375568B72AA19F5A00AEFAC4 /* TrialGAUITestsLaunchTests.swift */ = {isa = PBXFileReference; lastKnownFileType = sourcecode.swift; path = TrialGAUITestsLaunchTests.swift; sourceTree = "<group>"; };
/* End PBXFileReference section */

/* Begin PBXFrameworksBuildPhase section */
		375568942AA19F5900AEFAC4 /* Frameworks */ = {
			isa = PBXFrameworksBuildPhase;
			buildActionMask = 2147483647;
			files = (
			);
			runOnlyForDeploymentPostprocessing = 0;
		};
		375568A42AA19F5A00AEFAC4 /* Frameworks */ = {
			isa = PBXFrameworksBuildPhase;
			buildActionMask = 2147483647;
			files = (
			);
			runOnlyForDeploymentPostprocessing = 0;
		};
		375568AE2AA19F5A00AEFAC4 /* Frameworks */ = {
			isa = PBXFrameworksBuildPhase;
			buildActionMask = 2147483647;
			files = (
			);
			runOnlyForDeploymentPostprocessing = 0;
		};
/* End PBXFrameworksBuildPhase section */

/* Begin PBXGroup section */
		3755688E2AA19F5900AEFAC4 = {
			isa = PBXGroup;
			children = (
				375568992AA19F5900AEFAC4 /* TrialGA */,
				375568AA2AA19F5A00AEFAC4 /* TrialGATests */,
				375568B42AA19F5A00AEFAC4 /* TrialGAUITests */,
				375568982AA19F5900AEFAC4 /* Products */,
			);
			sourceTree = "<group>";
		};
		375568982AA19F5900AEFAC4 /* Products */ = {
			isa = PBXGroup;
			children = (
				375568972AA19F5900AEFAC4 /* TrialGA.app */,
				375568A72AA19F5A00AEFAC4 /* TrialGATests.xctest */,
				375568B12AA19F5A00AEFAC4 /* TrialGAUITests.xctest */,
			);
			name = Products;
			sourceTree = "<group>";
		};
		375568992AA19F5900AEFAC4 /* TrialGA */ = {
			isa = PBXGroup;
			children = (
				3755689A2AA19F5900AEFAC4 /* TrialGAApp.swift */,
				3755689C2AA19F5900AEFAC4 /* ContentView.swift */,
				3755689E2AA19F5A00AEFAC4 /* Assets.xcassets */,
				375568A02AA19F5A00AEFAC4 /* Preview Content */,
			);
			path = TrialGA;
			sourceTree = "<group>";
		};
		375568A02AA19F5A00AEFAC4 /* Preview Content */ = {
			isa = PBXGroup;
			children = (
				375568A12AA19F5A00AEFAC4 /* Preview Assets.xcassets */,
			);
			path = "Preview Content";
			sourceTree = "<group>";
		};
		375568AA2AA19F5A00AEFAC4 /* TrialGATests */ = {
			isa = PBXGroup;
			children = (
				375568AB2AA19F5A00AEFAC4 /* TrialGATests.swift */,
			);
			path = TrialGATests;
			sourceTree = "<group>";
		};
		375568B42AA19F5A00AEFAC4 /* TrialGAUITests */ = {
			isa = PBXGroup;
			children = (
				375568B52AA19F5A00AEFAC4 /* TrialGAUITests.swift */,
				375568B72AA19F5A00AEFAC4 /* TrialGAUITestsLaunchTests.swift */,
			);
			path = TrialGAUITests;
			sourceTree = "<group>";
		};
/* End PBXGroup section */

/* Begin PBXNativeTarget section */
		375568962AA19F5900AEFAC4 /* TrialGA */ = {
			isa = PBXNativeTarget;
			buildConfigurationList = 375568BB2AA19F5A00AEFAC4 /* Build configuration list for PBXNativeTarget "TrialGA" */;
			buildPhases = (
				375568932AA19F5900AEFAC4 /* Sources */,
				375568942AA19F5900AEFAC4 /* Frameworks */,
				375568952AA19F5900AEFAC4 /* Resources */,
			);
			buildRules = (
			);
			dependencies = (
			);
			name = TrialGA;
			productName = TrialGA;
			productReference = 375568972AA19F5900AEFAC4 /* TrialGA.app */;
			productType = "com.apple.product-type.application";
		};
		375568A62AA19F5A00AEFAC4 /* TrialGATests */ = {
			isa = PBXNativeTarget;
			buildConfigurationList = 375568BE2AA19F5A00AEFAC4 /* Build configuration list for PBXNativeTarget "TrialGATests" */;
			buildPhases = (
				375568A32AA19F5A00AEFAC4 /* Sources */,
				375568A42AA19F5A00AEFAC4 /* Frameworks */,
				375568A52AA19F5A00AEFAC4 /* Resources */,
			);
			buildRules = (
			);
			dependencies = (
				375568A92AA19F5A00AEFAC4 /* PBXTargetDependency */,
			);
			name = TrialGATests;
			productName = TrialGATests;
			productReference = 375568A72AA19F5A00AEFAC4 /* TrialGATests.xctest */;
			productType = "com.apple.product-type.bundle.unit-test";
		};
		375568B02AA19F5A00AEFAC4 /* TrialGAUITests */ = {
			isa = PBXNativeTarget;
			buildConfigurationList = 375568C12AA19F5A00AEFAC4 /* Build configuration list for PBXNativeTarget "TrialGAUITests" */;
			buildPhases = (
				375568AD2AA19F5A00AEFAC4 /* Sources */,
				375568AE2AA19F5A00AEFAC4 /* Frameworks */,
				375568AF2AA19F5A00AEFAC4 /* Resources */,
			);
			buildRules = (
			);
			dependencies = (
				375568B32AA19F5A00AEFAC4 /* PBXTargetDependency */,
			);
			name = TrialGAUITests;
			productName = TrialGAUITests;
			productReference = 375568B12AA19F5A00AEFAC4 /* TrialGAUITests.xctest */;
			productType = "com.apple.product-type.bundle.ui-testing";
		};
/* End PBXNativeTarget section */

/* Begin PBXProject section */
		3755688F2AA19F5900AEFAC4 /* Project object */ = {
			isa = PBXProject;
			attributes = {
				BuildIndependentTargetsInParallel = 1;
				LastSwiftUpdateCheck = 1430;
				LastUpgradeCheck = 1430;
				TargetAttributes = {
					375568962AA19F5900AEFAC4 = {
						CreatedOnToolsVersion = 14.3.1;
					};
					375568A62AA19F5A00AEFAC4 = {
						CreatedOnToolsVersion = 14.3.1;
						TestTargetID = 375568962AA19F5900AEFAC4;
					};
					375568B02AA19F5A00AEFAC4 = {
						CreatedOnToolsVersion = 14.3.1;
						TestTargetID = 375568962AA19F5900AEFAC4;
					};
				};
			};
			buildConfigurationList = 375568922AA19F5900AEFAC4 /* Build configuration list for PBXProject "TrialGA" */;
			compatibilityVersion = "Xcode 14.0";
			developmentRegion = en;
			hasScannedForEncodings = 0;
			knownRegions = (
				en,
				Base,
			);
			mainGroup = 3755688E2AA19F5900AEFAC4;
			productRefGroup = 375568982AA19F5900AEFAC4 /* Products */;
			projectDirPath = "";
			projectRoot = "";
			targets = (
				375568962AA19F5900AEFAC4 /* TrialGA */,
				375568A62AA19F5A00AEFAC4 /* TrialGATests */,
				375568B02AA19F5A00AEFAC4 /* TrialGAUITests */,
			);
		};
/* End PBXProject section */

/* Begin PBXResourcesBuildPhase section */
		375568952AA19F5900AEFAC4 /* Resources */ = {
			isa = PBXResourcesBuildPhase;
			buildActionMask = 2147483647;
			files = (
				375568A22AA19F5A00AEFAC4 /* Preview Assets.xcassets in Resources */,
				3755689F2AA19F5A00AEFAC4 /* Assets.xcassets in Resources */,
			);
			runOnlyForDeploymentPostprocessing = 0;
		};
		375568A52AA19F5A00AEFAC4 /* Resources */ = {
			isa = PBXResourcesBuildPhase;
			buildActionMask = 2147483647;
			files = (
			);
			runOnlyForDeploymentPostprocessing = 0;
		};
		375568AF2AA19F5A00AEFAC4 /* Resources */ = {
			isa = PBXResourcesBuildPhase;
			buildActionMask = 2147483647;
			files = (
			);
			runOnlyForDeploymentPostprocessing = 0;
		};
/* End PBXResourcesBuildPhase section */

/* Begin PBXSourcesBuildPhase section */
		375568932AA19F5900AEFAC4 /* Sources */ = {
			isa = PBXSourcesBuildPhase;
			buildActionMask = 2147483647;
			files = (
				3755689D2AA19F5900AEFAC4 /* ContentView.swift in Sources */,
				3755689B2AA19F5900AEFAC4 /* TrialGAApp.swift in Sources */,
			);
			runOnlyForDeploymentPostprocessing = 0;
		};
		375568A32AA19F5A00AEFAC4 /* Sources */ = {
			isa = PBXSourcesBuildPhase;
			buildActionMask = 2147483647;
			files = (
				375568AC2AA19F5A00AEFAC4 /* TrialGATests.swift in Sources */,
			);
			runOnlyForDeploymentPostprocessing = 0;
		};
		375568AD2AA19F5A00AEFAC4 /* Sources */ = {
			isa = PBXSourcesBuildPhase;
			buildActionMask = 2147483647;
			files = (
				375568B62AA19F5A00AEFAC4 /* TrialGAUITests.swift in Sources */,
				375568B82AA19F5A00AEFAC4 /* TrialGAUITestsLaunchTests.swift in Sources */,
			);
			runOnlyForDeploymentPostprocessing = 0;
		};
/* End PBXSourcesBuildPhase section */

/* Begin PBXTargetDependency section */
		375568A92AA19F5A00AEFAC4 /* PBXTargetDependency */ = {
			isa = PBXTargetDependency;
			target = 375568962AA19F5900AEFAC4 /* TrialGA */;
			targetProxy = 375568A82AA19F5A00AEFAC4 /* PBXContainerItemProxy */;
		};
		375568B32AA19F5A00AEFAC4 /* PBXTargetDependency */ = {
			isa = PBXTargetDependency;
			target = 375568962AA19F5900AEFAC4 /* TrialGA */;
			targetProxy = 375568B22AA19F5A00AEFAC4 /* PBXContainerItemProxy */;
		};
/* End PBXTargetDependency section */

/* Begin XCBuildConfiguration section */
		375568B92AA19F5A00AEFAC4 /* Debug */ = {
			isa = XCBuildConfiguration;
			buildSettings = {
				ALWAYS_SEARCH_USER_PATHS = NO;
				CLANG_ANALYZER_NONNULL = YES;
				CLANG_ANALYZER_NUMBER_OBJECT_CONVERSION = YES_AGGRESSIVE;
				CLANG_CXX_LANGUAGE_STANDARD = "gnu++20";
				CLANG_ENABLE_MODULES = YES;
				CLANG_ENABLE_OBJC_ARC = YES;
				CLANG_ENABLE_OBJC_WEAK = YES;
				CLANG_WARN_BLOCK_CAPTURE_AUTORELEASING = YES;
				CLANG_WARN_BOOL_CONVERSION = YES;
				CLANG_WARN_COMMA = YES;
				CLANG_WARN_CONSTANT_CONVERSION = YES;
				CLANG_WARN_DEPRECATED_OBJC_IMPLEMENTATIONS = YES;
				CLANG_WARN_DIRECT_OBJC_ISA_USAGE = YES_ERROR;
				CLANG_WARN_DOCUMENTATION_COMMENTS = YES;
				CLANG_WARN_EMPTY_BODY = YES;
				CLANG_WARN_ENUM_CONVERSION = YES;
				CLANG_WARN_INFINITE_RECURSION = YES;
				CLANG_WARN_INT_CONVERSION = YES;
				CLANG_WARN_NON_LITERAL_NULL_CONVERSION = YES;
				CLANG_WARN_OBJC_IMPLICIT_RETAIN_SELF = YES;
				CLANG_WARN_OBJC_LITERAL_CONVERSION = YES;
				CLANG_WARN_OBJC_ROOT_CLASS = YES_ERROR;
				CLANG_WARN_QUOTED_INCLUDE_IN_FRAMEWORK_HEADER = YES;
				CLANG_WARN_RANGE_LOOP_ANALYSIS = YES;
				CLANG_WARN_STRICT_PROTOTYPES = YES;
				CLANG_WARN_SUSPICIOUS_MOVE = YES;
				CLANG_WARN_UNGUARDED_AVAILABILITY = YES_AGGRESSIVE;
				CLANG_WARN_UNREACHABLE_CODE = YES;
				CLANG_WARN__DUPLICATE_METHOD_MATCH = YES;
				COPY_PHASE_STRIP = NO;
				DEBUG_INFORMATION_FORMAT = dwarf;
				ENABLE_STRICT_OBJC_MSGSEND = YES;
				ENABLE_TESTABILITY = YES;
				GCC_C_LANGUAGE_STANDARD = gnu11;
				GCC_DYNAMIC_NO_PIC = NO;
				GCC_NO_COMMON_BLOCKS = YES;
				GCC_OPTIMIZATION_LEVEL = 0;
				GCC_PREPROCESSOR_DEFINITIONS = (
					"DEBUG=1",
					"$(inherited)",
				);
				GCC_WARN_64_TO_32_BIT_CONVERSION = YES;
				GCC_WARN_ABOUT_RETURN_TYPE = YES_ERROR;
				GCC_WARN_UNDECLARED_SELECTOR = YES;
				GCC_WARN_UNINITIALIZED_AUTOS = YES_AGGRESSIVE;
				GCC_WARN_UNUSED_FUNCTION = YES;
				GCC_WARN_UNUSED_VARIABLE = YES;
				IPHONEOS_DEPLOYMENT_TARGET = 16.4;
				MTL_ENABLE_DEBUG_INFO = INCLUDE_SOURCE;
				MTL_FAST_MATH = YES;
				ONLY_ACTIVE_ARCH = YES;
				SDKROOT = iphoneos;
				SWIFT_ACTIVE_COMPILATION_CONDITIONS = DEBUG;
				SWIFT_OPTIMIZATION_LEVEL = "-Onone";
			};
			name = Debug;
		};
		375568BA2AA19F5A00AEFAC4 /* Release */ = {
			isa = XCBuildConfiguration;
			buildSettings = {
				ALWAYS_SEARCH_USER_PATHS = NO;
				CLANG_ANALYZER_NONNULL = YES;
				CLANG_ANALYZER_NUMBER_OBJECT_CONVERSION = YES_AGGRESSIVE;
				CLANG_CXX_LANGUAGE_STANDARD = "gnu++20";
				CLANG_ENABLE_MODULES = YES;
				CLANG_ENABLE_OBJC_ARC = YES;
				CLANG_ENABLE_OBJC_WEAK = YES;
				CLANG_WARN_BLOCK_CAPTURE_AUTORELEASING = YES;
				CLANG_WARN_BOOL_CONVERSION = YES;
				CLANG_WARN_COMMA = YES;
				CLANG_WARN_CONSTANT_CONVERSION = YES;
				CLANG_WARN_DEPRECATED_OBJC_IMPLEMENTATIONS = YES;
				CLANG_WARN_DIRECT_OBJC_ISA_USAGE = YES_ERROR;
				CLANG_WARN_DOCUMENTATION_COMMENTS = YES;
				CLANG_WARN_EMPTY_BODY = YES;
				CLANG_WARN_ENUM_CONVERSION = YES;
				CLANG_WARN_INFINITE_RECURSION = YES;
				CLANG_WARN_INT_CONVERSION = YES;
				CLANG_WARN_NON_LITERAL_NULL_CONVERSION = YES;
				CLANG_WARN_OBJC_IMPLICIT_RETAIN_SELF = YES;
				CLANG_WARN_OBJC_LITERAL_CONVERSION = YES;
				CLANG_WARN_OBJC_ROOT_CLASS = YES_ERROR;
				CLANG_WARN_QUOTED_INCLUDE_IN_FRAMEWORK_HEADER = YES;
				CLANG_WARN_RANGE_LOOP_ANALYSIS = YES;
				CLANG_WARN_STRICT_PROTOTYPES = YES;
				CLANG_WARN_SUSPICIOUS_MOVE = YES;
				CLANG_WARN_UNGUARDED_AVAILABILITY = YES_AGGRESSIVE;
				CLANG_WARN_UNREACHABLE_CODE = YES;
				CLANG_WARN__DUPLICATE_METHOD_MATCH = YES;
				COPY_PHASE_STRIP = NO;
				DEBUG_INFORMATION_FORMAT = "dwarf-with-dsym";
				ENABLE_NS_ASSERTIONS = NO;
				ENABLE_STRICT_OBJC_MSGSEND = YES;
				GCC_C_LANGUAGE_STANDARD = gnu11;
				GCC_NO_COMMON_BLOCKS = YES;
				GCC_WARN_64_TO_32_BIT_CONVERSION = YES;
				GCC_WARN_ABOUT_RETURN_TYPE = YES_ERROR;
				GCC_WARN_UNDECLARED_SELECTOR = YES;
				GCC_WARN_UNINITIALIZED_AUTOS = YES_AGGRESSIVE;
				GCC_WARN_UNUSED_FUNCTION = YES;
				GCC_WARN_UNUSED_VARIABLE = YES;
				IPHONEOS_DEPLOYMENT_TARGET = 16.4;
				MTL_ENABLE_DEBUG_INFO = NO;
				MTL_FAST_MATH = YES;
				SDKROOT = iphoneos;
				SWIFT_COMPILATION_MODE = wholemodule;
				SWIFT_OPTIMIZATION_LEVEL = "-O";
				VALIDATE_PRODUCT = YES;
			};
			name = Release;
		};
		375568BC2AA19F5A00AEFAC4 /* Debug */ = {
			isa = XCBuildConfiguration;
			buildSettings = {
				ASSETCATALOG_COMPILER_APPICON_NAME = AppIcon;
				ASSETCATALOG_COMPILER_GLOBAL_ACCENT_COLOR_NAME = AccentColor;
				CODE_SIGN_STYLE = Automatic;
				CURRENT_PROJECT_VERSION = 1;
				DEVELOPMENT_ASSET_PATHS = "\"TrialGA/Preview Content\"";
				DEVELOPMENT_TEAM = 9QFL99WTU8;
				ENABLE_PREVIEWS = YES;
				GENERATE_INFOPLIST_FILE = YES;
				INFOPLIST_KEY_UIApplicationSceneManifest_Generation = YES;
				INFOPLIST_KEY_UIApplicationSupportsIndirectInputEvents = YES;
				INFOPLIST_KEY_UILaunchScreen_Generation = YES;
				INFOPLIST_KEY_UISupportedInterfaceOrientations_iPad = "UIInterfaceOrientationPortrait UIInterfaceOrientationPortraitUpsideDown UIInterfaceOrientationLandscapeLeft UIInterfaceOrientationLandscapeRight";
				INFOPLIST_KEY_UISupportedInterfaceOrientations_iPhone = "UIInterfaceOrientationPortrait UIInterfaceOrientationLandscapeLeft UIInterfaceOrientationLandscapeRight";
				LD_RUNPATH_SEARCH_PATHS = (
					"$(inherited)",
					"@executable_path/Frameworks",
				);
				MARKETING_VERSION = 1.0;
				PRODUCT_BUNDLE_IDENTIFIER = io.stephaneepiphanelefebvre.TrialGA;
				PRODUCT_NAME = "$(TARGET_NAME)";
				SWIFT_EMIT_LOC_STRINGS = YES;
				SWIFT_VERSION = 5.0;
				TARGETED_DEVICE_FAMILY = "1,2";
			};
			name = Debug;
		};
		375568BD2AA19F5A00AEFAC4 /* Release */ = {
			isa = XCBuildConfiguration;
			buildSettings = {
				ASSETCATALOG_COMPILER_APPICON_NAME = AppIcon;
				ASSETCATALOG_COMPILER_GLOBAL_ACCENT_COLOR_NAME = AccentColor;
				CODE_SIGN_STYLE = Automatic;
				CURRENT_PROJECT_VERSION = 1;
				DEVELOPMENT_ASSET_PATHS = "\"TrialGA/Preview Content\"";
				DEVELOPMENT_TEAM = 9QFL99WTU8;
				ENABLE_PREVIEWS = YES;
				GENERATE_INFOPLIST_FILE = YES;
				INFOPLIST_KEY_UIApplicationSceneManifest_Generation = YES;
				INFOPLIST_KEY_UIApplicationSupportsIndirectInputEvents = YES;
				INFOPLIST_KEY_UILaunchScreen_Generation = YES;
				INFOPLIST_KEY_UISupportedInterfaceOrientations_iPad = "UIInterfaceOrientationPortrait UIInterfaceOrientationPortraitUpsideDown UIInterfaceOrientationLandscapeLeft UIInterfaceOrientationLandscapeRight";
				INFOPLIST_KEY_UISupportedInterfaceOrientations_iPhone = "UIInterfaceOrientationPortrait UIInterfaceOrientationLandscapeLeft UIInterfaceOrientationLandscapeRight";
				LD_RUNPATH_SEARCH_PATHS = (
					"$(inherited)",
					"@executable_path/Frameworks",
				);
				MARKETING_VERSION = 1.0;
				PRODUCT_BUNDLE_IDENTIFIER = io.stephaneepiphanelefebvre.TrialGA;
				PRODUCT_NAME = "$(TARGET_NAME)";
				SWIFT_EMIT_LOC_STRINGS = YES;
				SWIFT_VERSION = 5.0;
				TARGETED_DEVICE_FAMILY = "1,2";
			};
			name = Release;
		};
		375568BF2AA19F5A00AEFAC4 /* Debug */ = {
			isa = XCBuildConfiguration;
			buildSettings = {
				ALWAYS_EMBED_SWIFT_STANDARD_LIBRARIES = YES;
				BUNDLE_LOADER = "$(TEST_HOST)";
				CODE_SIGN_STYLE = Automatic;
				CURRENT_PROJECT_VERSION = 1;
				DEVELOPMENT_TEAM = 9QFL99WTU8;
				GENERATE_INFOPLIST_FILE = YES;
				IPHONEOS_DEPLOYMENT_TARGET = 16.4;
				MARKETING_VERSION = 1.0;
				PRODUCT_BUNDLE_IDENTIFIER = io.stephaneepiphanelefebvre.TrialGATests;
				PRODUCT_NAME = "$(TARGET_NAME)";
				SWIFT_EMIT_LOC_STRINGS = NO;
				SWIFT_VERSION = 5.0;
				TARGETED_DEVICE_FAMILY = "1,2";
				TEST_HOST = "$(BUILT_PRODUCTS_DIR)/TrialGA.app/$(BUNDLE_EXECUTABLE_FOLDER_PATH)/TrialGA";
			};
			name = Debug;
		};
		375568C02AA19F5A00AEFAC4 /* Release */ = {
			isa = XCBuildConfiguration;
			buildSettings = {
				ALWAYS_EMBED_SWIFT_STANDARD_LIBRARIES = YES;
				BUNDLE_LOADER = "$(TEST_HOST)";
				CODE_SIGN_STYLE = Automatic;
				CURRENT_PROJECT_VERSION = 1;
				DEVELOPMENT_TEAM = 9QFL99WTU8;
				GENERATE_INFOPLIST_FILE = YES;
				IPHONEOS_DEPLOYMENT_TARGET = 16.4;
				MARKETING_VERSION = 1.0;
				PRODUCT_BUNDLE_IDENTIFIER = io.stephaneepiphanelefebvre.TrialGATests;
				PRODUCT_NAME = "$(TARGET_NAME)";
				SWIFT_EMIT_LOC_STRINGS = NO;
				SWIFT_VERSION = 5.0;
				TARGETED_DEVICE_FAMILY = "1,2";
				TEST_HOST = "$(BUILT_PRODUCTS_DIR)/TrialGA.app/$(BUNDLE_EXECUTABLE_FOLDER_PATH)/TrialGA";
			};
			name = Release;
		};
		375568C22AA19F5A00AEFAC4 /* Debug */ = {
			isa = XCBuildConfiguration;
			buildSettings = {
				ALWAYS_EMBED_SWIFT_STANDARD_LIBRARIES = YES;
				CODE_SIGN_STYLE = Automatic;
				CURRENT_PROJECT_VERSION = 1;
				DEVELOPMENT_TEAM = 9QFL99WTU8;
				GENERATE_INFOPLIST_FILE = YES;
				MARKETING_VERSION = 1.0;
				PRODUCT_BUNDLE_IDENTIFIER = io.stephaneepiphanelefebvre.TrialGAUITests;
				PRODUCT_NAME = "$(TARGET_NAME)";
				SWIFT_EMIT_LOC_STRINGS = NO;
				SWIFT_VERSION = 5.0;
				TARGETED_DEVICE_FAMILY = "1,2";
				TEST_TARGET_NAME = TrialGA;
			};
			name = Debug;
		};
		375568C32AA19F5A00AEFAC4 /* Release */ = {
			isa = XCBuildConfiguration;
			buildSettings = {
				ALWAYS_EMBED_SWIFT_STANDARD_LIBRARIES = YES;
				CODE_SIGN_STYLE = Automatic;
				CURRENT_PROJECT_VERSION = 1;
				DEVELOPMENT_TEAM = 9QFL99WTU8;
				GENERATE_INFOPLIST_FILE = YES;
				MARKETING_VERSION = 1.0;
				PRODUCT_BUNDLE_IDENTIFIER = io.stephaneepiphanelefebvre.TrialGAUITests;
				PRODUCT_NAME = "$(TARGET_NAME)";
				SWIFT_EMIT_LOC_STRINGS = NO;
				SWIFT_VERSION = 5.0;
				TARGETED_DEVICE_FAMILY = "1,2";
				TEST_TARGET_NAME = TrialGA;
			};
			name = Release;
		};
/* End XCBuildConfiguration section */

/* Begin XCConfigurationList section */
		375568922AA19F5900AEFAC4 /* Build configuration list for PBXProject "TrialGA" */ = {
			isa = XCConfigurationList;
			buildConfigurations = (
				375568B92AA19F5A00AEFAC4 /* Debug */,
				375568BA2AA19F5A00AEFAC4 /* Release */,
			);
			defaultConfigurationIsVisible = 0;
			defaultConfigurationName = Release;
		};
		375568BB2AA19F5A00AEFAC4 /* Build configuration list for PBXNativeTarget "TrialGA" */ = {
			isa = XCConfigurationList;
			buildConfigurations = (
				375568BC2AA19F5A00AEFAC4 /* Debug */,
				375568BD2AA19F5A00AEFAC4 /* Release */,
			);
			defaultConfigurationIsVisible = 0;
			defaultConfigurationName = Release;
		};
		375568BE2AA19F5A00AEFAC4 /* Build configuration list for PBXNativeTarget "TrialGATests" */ = {
			isa = XCConfigurationList;
			buildConfigurations = (
				375568BF2AA19F5A00AEFAC4 /* Debug */,
				375568C02AA19F5A00AEFAC4 /* Release */,
			);
			defaultConfigurationIsVisible = 0;
			defaultConfigurationName = Release;
		};
		375568C12AA19F5A00AEFAC4 /* Build configuration list for PBXNativeTarget "TrialGAUITests" */ = {
			isa = XCConfigurationList;
			buildConfigurations = (
				375568C22AA19F5A00AEFAC4 /* Debug */,
				375568C32AA19F5A00AEFAC4 /* Release */,
			);
			defaultConfigurationIsVisible = 0;
			defaultConfigurationName = Release;
		};
/* End XCConfigurationList section */
	};
	rootObject = 3755688F2AA19F5900AEFAC4 /* Project object */;
}
